{
  "name": "redis-cli",
  "version": "1.0.2",
  "lockfileVersion": 1,
  "requires": true,
  "dependencies": {
    "ansi-regex": {
      "version": "2.1.1",
      "resolved": "http://icsnpm.ldschurch.org/ansi-regex/-/ansi-regex-2.1.1.tgz",
      "integrity": "sha1-w7M6te42DYbg5ijwRorn7yfWVN8="
    },
    "ansi-styles": {
      "version": "2.2.1",
      "resolved": "http://icsnpm.ldschurch.org/ansi-styles/-/ansi-styles-2.2.1.tgz",
      "integrity": "sha1-tDLdM1i2NM914eRmQ2gkBTPB3b4="
    },
    "bluebird": {
      "version": "2.11.0",
      "resolved": "http://icsnpm.ldschurch.org/bluebird/-/bluebird-2.11.0.tgz",
      "integrity": "sha1-U0uQM8AiyVecVro7Plpcqvu2UOE="
    },
    "chalk": {
      "version": "1.1.3",
      "resolved": "http://icsnpm.ldschurch.org/chalk/-/chalk-1.1.3.tgz",
      "integrity": "sha1-qBFcVeSnAv5NFQq9OHKCKn4J/Jg=",
      "requires": {
        "ansi-styles": "2.2.1",
        "escape-string-regexp": "1.0.5",
        "has-ansi": "2.0.0",
        "strip-ansi": "3.0.1",
        "supports-color": "2.0.0"
      }
    },
    "cli-width": {
      "version": "1.1.1",
      "resolved": "http://icsnpm.ldschurch.org/cli-width/-/cli-width-1.1.1.tgz",
      "integrity": "sha1-pNKT72frt7iNSk1CwMzwDE0eNm0="
    },
    "co": {
      "version": "4.6.0",
      "resolved": "http://icsnpm.ldschurch.org/co/-/co-4.6.0.tgz",
      "integrity": "sha1-bqa989hTrlTMuOR7+gvz+QMfsYQ="
    },
    "colors": {
      "version": "1.2.1",
      "resolved": "http://icsnpm.ldschurch.org/colors/-/colors-1.2.1.tgz",
      "integrity": "sha512-s8+wktIuDSLffCywiwSxQOMqtPxML11a/dtHE17tMn4B1MSWw/C22EKf7M2KGUBcDaVFEGT+S8N02geDXeuNKg=="
    },
    "commander": {
      "version": "2.15.1",
      "resolved": "http://icsnpm.ldschurch.org/commander/-/commander-2.15.1.tgz",
      "integrity": "sha512-VlfT9F3V0v+jr4yxPc5gg9s62/fIVWsd2Bk2iD435um1NlGMYdVCq+MjcXnhYq2icNOizHr1kK+5TI6H0Hy0ag=="
    },
    "escape-string-regexp": {
      "version": "1.0.5",
      "resolved": "http://icsnpm.ldschurch.org/escape-string-regexp/-/escape-string-regexp-1.0.5.tgz",
      "integrity": "sha1-G2HAViGQqN/2rjuyzwIAyhMLhtQ="
    },
    "figures": {
      "version": "1.7.0",
      "resolved": "http://icsnpm.ldschurch.org/figures/-/figures-1.7.0.tgz",
      "integrity": "sha1-y+Hjr/zxzUS4DK3+0o3Hk6lwHS4=",
      "requires": {
        "escape-string-regexp": "1.0.5",
        "object-assign": "4.1.1"
      }
    },
    "has-ansi": {
      "version": "2.0.0",
      "resolved": "http://icsnpm.ldschurch.org/has-ansi/-/has-ansi-2.0.0.tgz",
      "integrity": "sha1-NPUEnOHs3ysGSa8+8k5F7TVBbZE=",
      "requires": {
        "ansi-regex": "2.1.1"
      }
    },
    "inquirer": {
      "version": "0.9.0",
      "resolved": "http://icsnpm.ldschurch.org/inquirer/-/inquirer-0.9.0.tgz",
      "integrity": "sha1-c2bjijMeYZBJWKzlstpKml9jZ5g=",
      "requires": {
        "ansi-regex": "2.1.1",
        "chalk": "1.1.3",
        "cli-width": "1.1.1",
        "figures": "1.7.0",
        "lodash": "3.10.1",
        "readline2": "0.1.1",
        "run-async": "0.1.0",
        "rx-lite": "2.5.2",
        "strip-ansi": "3.0.1",
        "through": "2.3.8"
      }
    },
    "lodash": {
      "version": "3.10.1",
      "resolved": "http://icsnpm.ldschurch.org/lodash/-/lodash-3.10.1.tgz",
      "integrity": "sha1-W/Rejkm6QYnhfUgnid/RW9FAt7Y="
    },
    "mute-stream": {
      "version": "0.0.4",
      "resolved": "http://icsnpm.ldschurch.org/mute-stream/-/mute-stream-0.0.4.tgz",
      "integrity": "sha1-qSGZYKbV1dBGWXruUSUsZlX3F34="
    },
    "object-assign": {
      "version": "4.1.1",
      "resolved": "http://icsnpm.ldschurch.org/object-assign/-/object-assign-4.1.1.tgz",
      "integrity": "sha1-IQmtx5ZYh8/AXLvUQsrIv7s2CGM="
    },
    "once": {
      "version": "1.4.0",
      "resolved": "http://icsnpm.ldschurch.org/once/-/once-1.4.0.tgz",
      "integrity": "sha1-WDsap3WWHUsROsF9nFC6753Xa9E=",
      "requires": {
        "wrappy": "1.0.2"
      }
    },
    "readline2": {
      "version": "0.1.1",
      "resolved": "http://icsnpm.ldschurch.org/readline2/-/readline2-0.1.1.tgz",
      "integrity": "sha1-mUQ7pug7gw7zBRv9fcJBqCco1Wg=",
      "requires": {
        "mute-stream": "0.0.4",
        "strip-ansi": "2.0.1"
      },
      "dependencies": {
        "ansi-regex": {
          "version": "1.1.1",
          "resolved": "http://icsnpm.ldschurch.org/ansi-regex/-/ansi-regex-1.1.1.tgz",
          "integrity": "sha1-QchHGUZGN15qGl0Qw8oFTvn8mA0="
        },
        "strip-ansi": {
          "version": "2.0.1",
          "resolved": "http://icsnpm.ldschurch.org/strip-ansi/-/strip-ansi-2.0.1.tgz",
          "integrity": "sha1-32LBqpTtLxFOHQ8h/R1QSCt5pg4=",
          "requires": {
            "ansi-regex": "1.1.1"
          }
        }
      }
    },
    "redis": {
      "version": "0.12.1",
      "resolved": "http://icsnpm.ldschurch.org/redis/-/redis-0.12.1.tgz",
      "integrity": "sha1-ZN92rQ/IrOuuvSoGReikj6xJGF4="
    },
    "run-async": {
      "version": "0.1.0",
      "resolved": "http://icsnpm.ldschurch.org/run-async/-/run-async-0.1.0.tgz",
      "integrity": "sha1-yK1KXhEGYeQCp9IbUw4AnyX444k=",
      "requires": {
        "once": "1.4.0"
      }
    },
    "rx-lite": {
      "version": "2.5.2",
      "resolved": "http://icsnpm.ldschurch.org/rx-lite/-/rx-lite-2.5.2.tgz",
      "integrity": "sha1-X+9C1Nbna6tRmdIXEyfbcJ5Y5jQ="
    },
    "strip-ansi": {
      "version": "3.0.1",
      "resolved": "http://icsnpm.ldschurch.org/strip-ansi/-/strip-ansi-3.0.1.tgz",
      "integrity": "sha1-ajhfuIU9lS1f8F0Oiq+UJ43GPc8=",
      "requires": {
        "ansi-regex": "2.1.1"
      }
    },
    "supports-color": {
      "version": "2.0.0",
      "resolved": "http://icsnpm.ldschurch.org/supports-color/-/supports-color-2.0.0.tgz",
      "integrity": "sha1-U10EXOa2Nj+kARcIRimZXp3zJMc="
    },
    "through": {
      "version": "2.3.8",
      "resolved": "http://icsnpm.ldschurch.org/through/-/through-2.3.8.tgz",
      "integrity": "sha1-DdTJ/6q8NXlgsbckEV1+Doai4fU="
    },
    "wrappy": {
      "version": "1.0.2",
      "resolved": "http://icsnpm.ldschurch.org/wrappy/-/wrappy-1.0.2.tgz",
      "integrity": "sha1-tSQ9jz7BqjXxNkYFvA0QNuMKtp8="
    }
  }
}
